
Microsoft Visual Studio Solution File, Format Version 12.00
# Visual Studio 2012
Project("{FAE04EC0-301F-11D3-BF4B-00C04F79EFBC}") = "HtmlAgility.Portable", "HtmlAgility.Portable\HtmlAgility.Portable.csproj", "{2B92656F-954A-45FB-9189-0CED9230E767}"
EndProject
Project("{FAE04EC0-301F-11D3-BF4B-00C04F79EFBC}") = "UnitTestProject1", "UnitTestProject1\UnitTestProject1.csproj", "{F70470DE-5688-4543-8B24-D7D91C5A8594}"
EndProject
Global
	GlobalSection(SolutionConfigurationPlatforms) = preSolution
		Debug|Any CPU = Debug|Any CPU
		Release|Any CPU = Release|Any CPU
	EndGlobalSection
	GlobalSection(ProjectConfigurationPlatforms) = postSolution
		{2B92656F-954A-45FB-9189-0CED9230E767}.Debug|Any CPU.ActiveCfg = Debug|Any CPU
		{2B92656F-954A-45FB-9189-0CED9230E767}.Debug|Any CPU.Build.0 = Debug|Any CPU
		{2B92656F-954A-45FB-9189-0CED9230E767}.Release|Any CPU.ActiveCfg = Release|Any CPU
		{2B92656F-954A-45FB-9189-0CED9230E767}.Release|Any CPU.Build.0 = Release|Any CPU
		{F70470DE-5688-4543-8B24-D7D91C5A8594}.Debug|Any CPU.ActiveCfg = Debug|Any CPU
		{F70470DE-5688-4543-8B24-D7D91C5A8594}.Debug|Any CPU.Build.0 = Debug|Any CPU
		{F70470DE-5688-4543-8B24-D7D91C5A8594}.Release|Any CPU.ActiveCfg = Release|Any CPU
		{F70470DE-5688-4543-8B24-D7D91C5A8594}.Release|Any CPU.Build.0 = Release|Any CPU
	EndGlobalSection
	GlobalSection(SolutionProperties) = preSolution
		HideSolutionNode = FALSE
	EndGlobalSection
EndGlobal
