
Microsoft Visual Studio Solution File, Format Version 12.00
# Visual Studio 2012
Project("{FAE04EC0-301F-11D3-BF4B-00C04F79EFBC}") = "andri.TestUtilities.DataMocks", "andri.TestUtilities.DataMocks\andri.TestUtilities.DataMocks.csproj", "{AB65140F-8202-4173-BCAC-B7FB11CB2BEA}"
EndProject
Project("{FAE04EC0-301F-11D3-BF4B-00C04F79EFBC}") = "andri.Utilities.DataMock.Tests", "andri.Utilities.DataMock.Tests\andri.Utilities.DataMock.Tests.csproj", "{32422083-C5E2-4BCE-9A0F-9FCF8E420BAF}"
EndProject
Global
	GlobalSection(SolutionConfigurationPlatforms) = preSolution
		Debug|Any CPU = Debug|Any CPU
		Release|Any CPU = Release|Any CPU
	EndGlobalSection
	GlobalSection(ProjectConfigurationPlatforms) = postSolution
		{AB65140F-8202-4173-BCAC-B7FB11CB2BEA}.Debug|Any CPU.ActiveCfg = Debug|Any CPU
		{AB65140F-8202-4173-BCAC-B7FB11CB2BEA}.Debug|Any CPU.Build.0 = Debug|Any CPU
		{AB65140F-8202-4173-BCAC-B7FB11CB2BEA}.Release|Any CPU.ActiveCfg = Release|Any CPU
		{AB65140F-8202-4173-BCAC-B7FB11CB2BEA}.Release|Any CPU.Build.0 = Release|Any CPU
		{32422083-C5E2-4BCE-9A0F-9FCF8E420BAF}.Debug|Any CPU.ActiveCfg = Debug|Any CPU
		{32422083-C5E2-4BCE-9A0F-9FCF8E420BAF}.Debug|Any CPU.Build.0 = Debug|Any CPU
		{32422083-C5E2-4BCE-9A0F-9FCF8E420BAF}.Release|Any CPU.ActiveCfg = Release|Any CPU
		{32422083-C5E2-4BCE-9A0F-9FCF8E420BAF}.Release|Any CPU.Build.0 = Release|Any CPU
	EndGlobalSection
	GlobalSection(SolutionProperties) = preSolution
		HideSolutionNode = FALSE
	EndGlobalSection
EndGlobal
